
Microsoft Visual Studio Solution File, Format Version 12.00
# Visual Studio 15
VisualStudioVersion = 15.0.27130.2027
MinimumVisualStudioVersion = 10.0.40219.1
Project("{FAE04EC0-301F-11D3-BF4B-00C04F79EFBC}") = "StarCups_Specs", "StarCups_Specs\StarCups_Specs.csproj", "{2D31D09D-A50A-4D1D-BE67-2804AC02CEA4}"
EndProject
Project("{FAE04EC0-301F-11D3-BF4B-00C04F79EFBC}") = "StarCups", "StarCups\StarCups.csproj", "{5B4058C3-362A-4D3C-A2A2-D2EB39AE7ECE}"
EndProject
Global
	GlobalSection(SolutionConfigurationPlatforms) = preSolution
		Debug|Any CPU = Debug|Any CPU
		Release|Any CPU = Release|Any CPU
	EndGlobalSection
	GlobalSection(ProjectConfigurationPlatforms) = postSolution
		{2D31D09D-A50A-4D1D-BE67-2804AC02CEA4}.Debug|Any CPU.ActiveCfg = Debug|Any CPU
		{2D31D09D-A50A-4D1D-BE67-2804AC02CEA4}.Debug|Any CPU.Build.0 = Debug|Any CPU
		{2D31D09D-A50A-4D1D-BE67-2804AC02CEA4}.Release|Any CPU.ActiveCfg = Release|Any CPU
		{2D31D09D-A50A-4D1D-BE67-2804AC02CEA4}.Release|Any CPU.Build.0 = Release|Any CPU
		{5B4058C3-362A-4D3C-A2A2-D2EB39AE7ECE}.Debug|Any CPU.ActiveCfg = Debug|Any CPU
		{5B4058C3-362A-4D3C-A2A2-D2EB39AE7ECE}.Debug|Any CPU.Build.0 = Debug|Any CPU
		{5B4058C3-362A-4D3C-A2A2-D2EB39AE7ECE}.Release|Any CPU.ActiveCfg = Release|Any CPU
		{5B4058C3-362A-4D3C-A2A2-D2EB39AE7ECE}.Release|Any CPU.Build.0 = Release|Any CPU
	EndGlobalSection
	GlobalSection(SolutionProperties) = preSolution
		HideSolutionNode = FALSE
	EndGlobalSection
	GlobalSection(ExtensibilityGlobals) = postSolution
		SolutionGuid = {375EA9C6-59E8-453E-9466-03A302AA4E89}
	EndGlobalSection
EndGlobal
